
Microsoft Visual Studio Solution File, Format Version 12.00
# Visual Studio Version 17
VisualStudioVersion = 17.14.36930.0
MinimumVisualStudioVersion = 10.0.40219.1
Project("{2150E333-8FDC-42A3-9474-1A3956D46DE8}") = "EXE", "EXE", "{C8D5274F-AC00-46C7-1F8D-E88E81087A52}"
EndProject
Project("{2150E333-8FDC-42A3-9474-1A3956D46DE8}") = "DLL", "DLL", "{723A9DBF-1658-44E9-BB8D-19A1CBFF3B0D}"
EndProject
Project("{2150E333-8FDC-42A3-9474-1A3956D46DE8}") = "00. Engine", "00. Engine", "{30C62BAA-DC67-4DAF-9020-4D1FF8907174}"
EndProject
Project("{2150E333-8FDC-42A3-9474-1A3956D46DE8}") = "01. Client", "01. Client", "{FF4FA80A-2978-4143-AB4B-BBCDCC9FCE63}"
EndProject
Project("{2150E333-8FDC-42A3-9474-1A3956D46DE8}") = "00. GameApp", "00. GameApp", "{717E5E18-B1A4-4BBE-B656-C13F0730A59B}"
EndProject
Project("{2150E333-8FDC-42A3-9474-1A3956D46DE8}") = "01. Editor", "01. Editor", "{54F4A8D6-7AC2-482B-8254-CF9C1C844FAE}"
EndProject
Project("{8BC9CEB8-8B4A-11D0-8D11-00A0C91BC942}") = "Engine", "Engine\Default\Engine.vcxproj", "{E4971014-EFCC-4AE3-8927-B51B58CC2B03}"
EndProject
Project("{8BC9CEB8-8B4A-11D0-8D11-00A0C91BC942}") = "Client", "Client\Default\Client.vcxproj", "{C198333C-423F-4C1A-893E-FD5FB5968A8C}"
	ProjectSection(ProjectDependencies) = postProject
		{E4971014-EFCC-4AE3-8927-B51B58CC2B03} = {E4971014-EFCC-4AE3-8927-B51B58CC2B03}
	EndProjectSection
EndProject
Project("{8BC9CEB8-8B4A-11D0-8D11-00A0C91BC942}") = "GameApp", "GameApp\Default\GameApp.vcxproj", "{8B9FD335-6C5C-49EB-B07B-F9DBCE9E0C0B}"
	ProjectSection(ProjectDependencies) = postProject
		{C198333C-423F-4C1A-893E-FD5FB5968A8C} = {C198333C-423F-4C1A-893E-FD5FB5968A8C}
		{E4971014-EFCC-4AE3-8927-B51B58CC2B03} = {E4971014-EFCC-4AE3-8927-B51B58CC2B03}
	EndProjectSection
EndProject
Project("{8BC9CEB8-8B4A-11D0-8D11-00A0C91BC942}") = "Editor", "Editor\Default\Editor.vcxproj", "{1874FF9B-0E08-4081-81B5-09CFE62FF44C}"
	ProjectSection(ProjectDependencies) = postProject
		{C198333C-423F-4C1A-893E-FD5FB5968A8C} = {C198333C-423F-4C1A-893E-FD5FB5968A8C}
		{E4971014-EFCC-4AE3-8927-B51B58CC2B03} = {E4971014-EFCC-4AE3-8927-B51B58CC2B03}
	EndProjectSection
EndProject
Global
	GlobalSection(SolutionConfigurationPlatforms) = preSolution
		Debug|x64 = Debug|x64
		Debug|x86 = Debug|x86
		Release|x64 = Release|x64
		Release|x86 = Release|x86
	EndGlobalSection
	GlobalSection(ProjectConfigurationPlatforms) = postSolution
		{E4971014-EFCC-4AE3-8927-B51B58CC2B03}.Debug|x64.ActiveCfg = Debug|x64
		{E4971014-EFCC-4AE3-8927-B51B58CC2B03}.Debug|x64.Build.0 = Debug|x64
		{E4971014-EFCC-4AE3-8927-B51B58CC2B03}.Debug|x86.ActiveCfg = Debug|Win32
		{E4971014-EFCC-4AE3-8927-B51B58CC2B03}.Debug|x86.Build.0 = Debug|Win32
		{E4971014-EFCC-4AE3-8927-B51B58CC2B03}.Release|x64.ActiveCfg = Release|x64
		{E4971014-EFCC-4AE3-8927-B51B58CC2B03}.Release|x64.Build.0 = Release|x64
		{E4971014-EFCC-4AE3-8927-B51B58CC2B03}.Release|x86.ActiveCfg = Release|Win32
		{E4971014-EFCC-4AE3-8927-B51B58CC2B03}.Release|x86.Build.0 = Release|Win32
		{C198333C-423F-4C1A-893E-FD5FB5968A8C}.Debug|x64.ActiveCfg = Debug|x64
		{C198333C-423F-4C1A-893E-FD5FB5968A8C}.Debug|x64.Build.0 = Debug|x64
		{C198333C-423F-4C1A-893E-FD5FB5968A8C}.Debug|x86.ActiveCfg = Debug|Win32
		{C198333C-423F-4C1A-893E-FD5FB5968A8C}.Debug|x86.Build.0 = Debug|Win32
		{C198333C-423F-4C1A-893E-FD5FB5968A8C}.Release|x64.ActiveCfg = Release|x64
		{C198333C-423F-4C1A-893E-FD5FB5968A8C}.Release|x64.Build.0 = Release|x64
		{C198333C-423F-4C1A-893E-FD5FB5968A8C}.Release|x86.ActiveCfg = Release|Win32
		{C198333C-423F-4C1A-893E-FD5FB5968A8C}.Release|x86.Build.0 = Release|Win32
		{8B9FD335-6C5C-49EB-B07B-F9DBCE9E0C0B}.Debug|x64.ActiveCfg = Debug|x64
		{8B9FD335-6C5C-49EB-B07B-F9DBCE9E0C0B}.Debug|x64.Build.0 = Debug|x64
		{8B9FD335-6C5C-49EB-B07B-F9DBCE9E0C0B}.Debug|x86.ActiveCfg = Debug|Win32
		{8B9FD335-6C5C-49EB-B07B-F9DBCE9E0C0B}.Debug|x86.Build.0 = Debug|Win32
		{8B9FD335-6C5C-49EB-B07B-F9DBCE9E0C0B}.Release|x64.ActiveCfg = Release|x64
		{8B9FD335-6C5C-49EB-B07B-F9DBCE9E0C0B}.Release|x64.Build.0 = Release|x64
		{8B9FD335-6C5C-49EB-B07B-F9DBCE9E0C0B}.Release|x86.ActiveCfg = Release|Win32
		{8B9FD335-6C5C-49EB-B07B-F9DBCE9E0C0B}.Release|x86.Build.0 = Release|Win32
		{1874FF9B-0E08-4081-81B5-09CFE62FF44C}.Debug|x64.ActiveCfg = Debug|x64
		{1874FF9B-0E08-4081-81B5-09CFE62FF44C}.Debug|x64.Build.0 = Debug|x64
		{1874FF9B-0E08-4081-81B5-09CFE62FF44C}.Debug|x86.ActiveCfg = Debug|Win32
		{1874FF9B-0E08-4081-81B5-09CFE62FF44C}.Debug|x86.Build.0 = Debug|Win32
		{1874FF9B-0E08-4081-81B5-09CFE62FF44C}.Release|x64.ActiveCfg = Release|x64
		{1874FF9B-0E08-4081-81B5-09CFE62FF44C}.Release|x64.Build.0 = Release|x64
		{1874FF9B-0E08-4081-81B5-09CFE62FF44C}.Release|x86.ActiveCfg = Release|Win32
		{1874FF9B-0E08-4081-81B5-09CFE62FF44C}.Release|x86.Build.0 = Release|Win32
	EndGlobalSection
	GlobalSection(SolutionProperties) = preSolution
		HideSolutionNode = FALSE
	EndGlobalSection
	GlobalSection(NestedProjects) = preSolution
		{30C62BAA-DC67-4DAF-9020-4D1FF8907174} = {723A9DBF-1658-44E9-BB8D-19A1CBFF3B0D}
		{FF4FA80A-2978-4143-AB4B-BBCDCC9FCE63} = {723A9DBF-1658-44E9-BB8D-19A1CBFF3B0D}
		{717E5E18-B1A4-4BBE-B656-C13F0730A59B} = {C8D5274F-AC00-46C7-1F8D-E88E81087A52}
		{54F4A8D6-7AC2-482B-8254-CF9C1C844FAE} = {C8D5274F-AC00-46C7-1F8D-E88E81087A52}
		{E4971014-EFCC-4AE3-8927-B51B58CC2B03} = {30C62BAA-DC67-4DAF-9020-4D1FF8907174}
		{C198333C-423F-4C1A-893E-FD5FB5968A8C} = {FF4FA80A-2978-4143-AB4B-BBCDCC9FCE63}
		{8B9FD335-6C5C-49EB-B07B-F9DBCE9E0C0B} = {717E5E18-B1A4-4BBE-B656-C13F0730A59B}
		{1874FF9B-0E08-4081-81B5-09CFE62FF44C} = {54F4A8D6-7AC2-482B-8254-CF9C1C844FAE}
	EndGlobalSection
	GlobalSection(ExtensibilityGlobals) = postSolution
		SolutionGuid = {9413A4C3-C8B3-424A-B0A2-1625E0464993}
	EndGlobalSection
EndGlobal
