<?xml version="1.0" encoding="utf-8"?>
<Project ToolsVersion="4.0" xmlns="http://schemas.microsoft.com/developer/msbuild/2003">
  <ItemGroup>
    <Filter Include="00. GameInstance">
      <UniqueIdentifier>{ced48ff3-828e-4cfc-877f-ab9c70c7772a}</UniqueIdentifier>
    </Filter>
    <Filter Include="01. Device">
      <UniqueIdentifier>{7fc70f81-be37-42ba-8ed0-a948c231de36}</UniqueIdentifier>
    </Filter>
    <Filter Include="02. Timers">
      <UniqueIdentifier>{42f07340-91bc-45e5-b677-2831b719702c}</UniqueIdentifier>
    </Filter>
    <Filter Include="03. Levels">
      <UniqueIdentifier>{4651ebfc-2566-43b4-a628-219ca4735b99}</UniqueIdentifier>
    </Filter>
    <Filter Include="04. Prototype">
      <UniqueIdentifier>{9cf8ba5d-4e82-4533-b2a0-ad59771e1d9b}</UniqueIdentifier>
    </Filter>
    <Filter Include="05. GameObject">
      <UniqueIdentifier>{16992373-cef2-4f01-b2dd-e0a59b2586d3}</UniqueIdentifier>
    </Filter>
    <Filter Include="06. Renderer">
      <UniqueIdentifier>{f7f5015d-1018-46ab-a086-7c9084fc4733}</UniqueIdentifier>
    </Filter>
    <Filter Include="07. Component">
      <UniqueIdentifier>{45d3be83-d941-4a87-bbfe-0fb330070ab3}</UniqueIdentifier>
    </Filter>
    <Filter Include="99. Defines">
      <UniqueIdentifier>{210471cd-ce14-46c0-82fe-fb57f9612de6}</UniqueIdentifier>
    </Filter>
    <Filter Include="98. SuperClass">
      <UniqueIdentifier>{a2a9236d-d246-48f1-9b45-2d264bd2d663}</UniqueIdentifier>
    </Filter>
    <Filter Include="98. SuperClass\Base">
      <UniqueIdentifier>{c6a4639c-af64-48fc-9b0c-347c7d1bcc61}</UniqueIdentifier>
    </Filter>
    <Filter Include="02. Timers\Manager">
      <UniqueIdentifier>{524c2574-d2c6-49e7-9848-993947bccb94}</UniqueIdentifier>
    </Filter>
    <Filter Include="03. Levels\Manager">
      <UniqueIdentifier>{283c0b33-90f9-40f4-a026-bb6ee89bad5b}</UniqueIdentifier>
    </Filter>
    <Filter Include="04. Prototype\Manager">
      <UniqueIdentifier>{65c78bed-45f5-4b97-a414-6c0330c3d48e}</UniqueIdentifier>
    </Filter>
    <Filter Include="05. GameObject\Manager">
      <UniqueIdentifier>{25fef042-e8f2-4b4a-bd8d-82c5bcd58c07}</UniqueIdentifier>
    </Filter>
    <Filter Include="07. Component\Shader">
      <UniqueIdentifier>{98de023d-37e2-47e3-be5a-262c10909042}</UniqueIdentifier>
    </Filter>
    <Filter Include="07. Component\Texture">
      <UniqueIdentifier>{00552bb8-2490-44ef-b380-57ed652bbf14}</UniqueIdentifier>
    </Filter>
    <Filter Include="07. Component\Transform">
      <UniqueIdentifier>{83003f90-1fe6-43a6-b870-e8c1507974f1}</UniqueIdentifier>
    </Filter>
    <Filter Include="07. Component\VIBuffer">
      <UniqueIdentifier>{51ef188e-e19e-4072-bca0-5e7113947c1d}</UniqueIdentifier>
    </Filter>
    <Filter Include="07. Component\VIBuffer\Cube">
      <UniqueIdentifier>{30d1da4b-68e9-4eea-8035-f41e67cbf3a9}</UniqueIdentifier>
    </Filter>
    <Filter Include="07. Component\VIBuffer\Rect">
      <UniqueIdentifier>{c39e4a97-f4de-4eaa-bd95-9e28e4235534}</UniqueIdentifier>
    </Filter>
    <Filter Include="07. Component\VIBuffer\Terrain">
      <UniqueIdentifier>{e1f4bfec-0e81-4675-b2c1-689784af5171}</UniqueIdentifier>
    </Filter>
    <Filter Include="05. GameObject\Manager\Layer">
      <UniqueIdentifier>{92c6275c-ca12-4607-af5d-50e1a23800df}</UniqueIdentifier>
    </Filter>
    <Filter Include="08. PipeLine">
      <UniqueIdentifier>{39d66744-73eb-4ad6-9d2f-b0573140a984}</UniqueIdentifier>
    </Filter>
    <Filter Include="05. GameObject\Camera">
      <UniqueIdentifier>{641c0742-6794-4c2b-8acc-8b755834164f}</UniqueIdentifier>
    </Filter>
    <Filter Include="01. Device\Input">
      <UniqueIdentifier>{90b42458-1ce7-433f-be3e-105eb01d4d00}</UniqueIdentifier>
    </Filter>
    <Filter Include="01. Device\Graphic">
      <UniqueIdentifier>{cbc6f682-5e3b-443f-829f-a8b359346556}</UniqueIdentifier>
    </Filter>
    <Filter Include="05. GameObject\UIObject">
      <UniqueIdentifier>{a47367d8-7436-4c03-aa67-0ccf5929bbba}</UniqueIdentifier>
    </Filter>
    <Filter Include="09. Lights">
      <UniqueIdentifier>{76bb147b-08da-4585-a476-ed0ad2b9c541}</UniqueIdentifier>
    </Filter>
    <Filter Include="09. Lights\Manager">
      <UniqueIdentifier>{bfa483e5-67b4-48d8-a57b-dcd070349980}</UniqueIdentifier>
    </Filter>
    <Filter Include="07. Component\Transform\2D">
      <UniqueIdentifier>{20ba477f-e892-4e93-b3d6-48f20f2a9126}</UniqueIdentifier>
    </Filter>
    <Filter Include="07. Component\Transform\3D">
      <UniqueIdentifier>{ceb8315c-4251-46e7-a0cc-6d55b6eb37c8}</UniqueIdentifier>
    </Filter>
    <Filter Include="07. Component\Model">
      <UniqueIdentifier>{d083362f-877e-4cac-840c-09a1cae33947}</UniqueIdentifier>
    </Filter>
    <Filter Include="07. Component\Model\Animation">
      <UniqueIdentifier>{535a8c84-6675-45f8-9f88-c7207e9fd71e}</UniqueIdentifier>
    </Filter>
    <Filter Include="07. Component\Model\Bone">
      <UniqueIdentifier>{19df9dcd-e1e7-4961-adb5-224a7b75438e}</UniqueIdentifier>
    </Filter>
    <Filter Include="07. Component\Model\Material">
      <UniqueIdentifier>{6ac61843-ba55-4a11-bda3-259784574018}</UniqueIdentifier>
    </Filter>
    <Filter Include="07. Component\Model\Mesh">
      <UniqueIdentifier>{1b183b6d-519a-4d67-9c7e-e010c6a07dc3}</UniqueIdentifier>
    </Filter>
    <Filter Include="07. Component\Model\Animation\Channel">
      <UniqueIdentifier>{8fd7241d-9129-4abd-9356-4f5f273a876e}</UniqueIdentifier>
    </Filter>
    <Filter Include="05. GameObject\ContainerObject">
      <UniqueIdentifier>{b66ce1b6-e79f-4ac8-9f8b-8bd8d24c5328}</UniqueIdentifier>
    </Filter>
    <Filter Include="05. GameObject\ContainerObject\PartObject">
      <UniqueIdentifier>{43bc62e1-5206-473a-b8e2-f22700d65d2a}</UniqueIdentifier>
    </Filter>
    <Filter Include="07. Component\AnimController">
      <UniqueIdentifier>{74dc34b9-95cd-4f52-b08c-c83a84b7337a}</UniqueIdentifier>
    </Filter>
    <Filter Include="10. StateMachine">
      <UniqueIdentifier>{930eecb1-69f8-4b69-b03e-2461de18f010}</UniqueIdentifier>
    </Filter>
    <Filter Include="11. Notify">
      <UniqueIdentifier>{4cfe06a5-fc5f-4271-9af5-2e65ff25ef1a}</UniqueIdentifier>
    </Filter>
    <Filter Include="07. Component\SpringArm">
      <UniqueIdentifier>{78fd9a44-dc6e-40f5-84ed-9ec02ab6fb5f}</UniqueIdentifier>
    </Filter>
  </ItemGroup>
  <ItemGroup>
    <ClCompile Include="..\Private\Base.cpp">
      <Filter>98. SuperClass\Base</Filter>
    </ClCompile>
    <ClCompile Include="..\Private\Component.cpp">
      <Filter>07. Component</Filter>
    </ClCompile>
    <ClCompile Include="..\Private\GameInstance.cpp">
      <Filter>00. GameInstance</Filter>
    </ClCompile>
    <ClCompile Include="..\Private\GameObject.cpp">
      <Filter>05. GameObject</Filter>
    </ClCompile>
    <ClCompile Include="..\Private\Layer.cpp">
      <Filter>05. GameObject\Manager\Layer</Filter>
    </ClCompile>
    <ClCompile Include="..\Private\Level.cpp">
      <Filter>03. Levels</Filter>
    </ClCompile>
    <ClCompile Include="..\Private\Level_Manager.cpp">
      <Filter>03. Levels\Manager</Filter>
    </ClCompile>
    <ClCompile Include="..\Private\Timer_Manager.cpp">
      <Filter>02. Timers\Manager</Filter>
    </ClCompile>
    <ClCompile Include="..\Private\Transform.cpp">
      <Filter>07. Component\Transform</Filter>
    </ClCompile>
    <ClCompile Include="..\Private\VIBuffer.cpp">
      <Filter>07. Component\VIBuffer</Filter>
    </ClCompile>
    <ClCompile Include="..\Private\VIBuffer_Rect.cpp">
      <Filter>07. Component\VIBuffer\Rect</Filter>
    </ClCompile>
    <ClCompile Include="..\Private\Timer.cpp">
      <Filter>02. Timers</Filter>
    </ClCompile>
    <ClCompile Include="..\Private\Texture.cpp">
      <Filter>07. Component\Texture</Filter>
    </ClCompile>
    <ClCompile Include="..\Private\Shader.cpp">
      <Filter>07. Component\Shader</Filter>
    </ClCompile>
    <ClCompile Include="..\Private\Renderer.cpp">
      <Filter>06. Renderer</Filter>
    </ClCompile>
    <ClCompile Include="..\Private\Prototype_Manager.cpp">
      <Filter>04. Prototype\Manager</Filter>
    </ClCompile>
    <ClCompile Include="..\Private\Object_Manager.cpp">
      <Filter>05. GameObject\Manager</Filter>
    </ClCompile>
    <ClCompile Include="..\Private\Camera.cpp">
      <Filter>05. GameObject\Camera</Filter>
    </ClCompile>
    <ClCompile Include="..\Private\PipeLine.cpp">
      <Filter>08. PipeLine</Filter>
    </ClCompile>
    <ClCompile Include="..\Private\Graphic_Device.cpp">
      <Filter>01. Device\Graphic</Filter>
    </ClCompile>
    <ClCompile Include="..\Private\Input_Device.cpp">
      <Filter>01. Device\Input</Filter>
    </ClCompile>
    <ClCompile Include="..\Private\UIObject.cpp">
      <Filter>05. GameObject\UIObject</Filter>
    </ClCompile>
    <ClCompile Include="..\Private\Light_Manager.cpp">
      <Filter>09. Lights\Manager</Filter>
    </ClCompile>
    <ClCompile Include="..\Private\Light.cpp">
      <Filter>09. Lights</Filter>
    </ClCompile>
    <ClCompile Include="..\Private\Transform_3D.cpp">
      <Filter>07. Component\Transform\3D</Filter>
    </ClCompile>
    <ClCompile Include="..\Private\Transform_2D.cpp">
      <Filter>07. Component\Transform\2D</Filter>
    </ClCompile>
    <ClCompile Include="..\Private\VIBuffer_Terrain.cpp">
      <Filter>07. Component\VIBuffer\Terrain</Filter>
    </ClCompile>
    <ClCompile Include="..\Private\Bone.cpp">
      <Filter>07. Component\Model\Bone</Filter>
    </ClCompile>
    <ClCompile Include="..\Private\Mesh.cpp">
      <Filter>07. Component\Model\Mesh</Filter>
    </ClCompile>
    <ClCompile Include="..\Private\Material.cpp">
      <Filter>07. Component\Model\Material</Filter>
    </ClCompile>
    <ClCompile Include="..\Private\Channel.cpp">
      <Filter>07. Component\Model\Animation\Channel</Filter>
    </ClCompile>
    <ClCompile Include="..\Private\Animation.cpp">
      <Filter>07. Component\Model\Animation</Filter>
    </ClCompile>
    <ClCompile Include="..\Private\Model.cpp">
      <Filter>07. Component\Model</Filter>
    </ClCompile>
    <ClCompile Include="..\Private\ContainerObject.cpp">
      <Filter>05. GameObject\ContainerObject</Filter>
    </ClCompile>
    <ClCompile Include="..\Private\PartObject.cpp">
      <Filter>05. GameObject\ContainerObject\PartObject</Filter>
    </ClCompile>
    <ClCompile Include="..\Private\AnimController.cpp">
      <Filter>07. Component\AnimController</Filter>
    </ClCompile>
    <ClCompile Include="..\Private\StateMachine.cpp">
      <Filter>10. StateMachine</Filter>
    </ClCompile>
    <ClCompile Include="..\Private\SpringArm.cpp">
      <Filter>07. Component\SpringArm</Filter>
    </ClCompile>
  </ItemGroup>
  <ItemGroup>
    <ClInclude Include="..\Public\GameInstance.h">
      <Filter>00. GameInstance</Filter>
    </ClInclude>
    <ClInclude Include="..\Public\Timer.h">
      <Filter>02. Timers</Filter>
    </ClInclude>
    <ClInclude Include="..\Public\Timer_Manager.h">
      <Filter>02. Timers\Manager</Filter>
    </ClInclude>
    <ClInclude Include="..\Public\Renderer.h">
      <Filter>06. Renderer</Filter>
    </ClInclude>
    <ClInclude Include="..\Public\Component.h">
      <Filter>07. Component</Filter>
    </ClInclude>
    <ClInclude Include="..\Public\Shader.h">
      <Filter>07. Component\Shader</Filter>
    </ClInclude>
    <ClInclude Include="..\Public\Texture.h">
      <Filter>07. Component\Texture</Filter>
    </ClInclude>
    <ClInclude Include="..\Public\Transform.h">
      <Filter>07. Component\Transform</Filter>
    </ClInclude>
    <ClInclude Include="..\Public\VIBuffer_Rect.h">
      <Filter>07. Component\VIBuffer\Rect</Filter>
    </ClInclude>
    <ClInclude Include="..\Public\VIBuffer.h">
      <Filter>07. Component\VIBuffer</Filter>
    </ClInclude>
    <ClInclude Include="..\Public\Base.h">
      <Filter>98. SuperClass\Base</Filter>
    </ClInclude>
    <ClInclude Include="..\Public\GameObject.h">
      <Filter>05. GameObject</Filter>
    </ClInclude>
    <ClInclude Include="..\Public\Object_Manager.h">
      <Filter>05. GameObject\Manager</Filter>
    </ClInclude>
    <ClInclude Include="..\Public\Prototype_Manager.h">
      <Filter>04. Prototype\Manager</Filter>
    </ClInclude>
    <ClInclude Include="..\Public\Level_Manager.h">
      <Filter>03. Levels\Manager</Filter>
    </ClInclude>
    <ClInclude Include="..\Public\Layer.h">
      <Filter>05. GameObject\Manager\Layer</Filter>
    </ClInclude>
    <ClInclude Include="..\Public\Level.h">
      <Filter>03. Levels</Filter>
    </ClInclude>
    <ClInclude Include="..\Public\PipeLine.h">
      <Filter>08. PipeLine</Filter>
    </ClInclude>
    <ClInclude Include="..\Public\Engine_Defines.h">
      <Filter>99. Defines</Filter>
    </ClInclude>
    <ClInclude Include="..\Public\Engine_Enum.h">
      <Filter>99. Defines</Filter>
    </ClInclude>
    <ClInclude Include="..\Public\Engine_Function.h">
      <Filter>99. Defines</Filter>
    </ClInclude>
    <ClInclude Include="..\Public\Engine_Macro.h">
      <Filter>99. Defines</Filter>
    </ClInclude>
    <ClInclude Include="..\Public\Engine_Struct.h">
      <Filter>99. Defines</Filter>
    </ClInclude>
    <ClInclude Include="..\Public\Engine_Typedef.h">
      <Filter>99. Defines</Filter>
    </ClInclude>
    <ClInclude Include="..\Public\Camera.h">
      <Filter>05. GameObject\Camera</Filter>
    </ClInclude>
    <ClInclude Include="..\Public\Graphic_Device.h">
      <Filter>01. Device\Graphic</Filter>
    </ClInclude>
    <ClInclude Include="..\Public\Input_Device.h">
      <Filter>01. Device\Input</Filter>
    </ClInclude>
    <ClInclude Include="..\Public\UIObject.h">
      <Filter>05. GameObject\UIObject</Filter>
    </ClInclude>
    <ClInclude Include="..\Public\Light_Manager.h">
      <Filter>09. Lights\Manager</Filter>
    </ClInclude>
    <ClInclude Include="..\Public\Light.h">
      <Filter>09. Lights</Filter>
    </ClInclude>
    <ClInclude Include="..\Public\Transform_2D.h">
      <Filter>07. Component\Transform\2D</Filter>
    </ClInclude>
    <ClInclude Include="..\Public\Transform_3D.h">
      <Filter>07. Component\Transform\3D</Filter>
    </ClInclude>
    <ClInclude Include="..\Public\VIBuffer_Terrain.h">
      <Filter>07. Component\VIBuffer\Terrain</Filter>
    </ClInclude>
    <ClInclude Include="..\Public\Bone.h">
      <Filter>07. Component\Model\Bone</Filter>
    </ClInclude>
    <ClInclude Include="..\Public\Mesh.h">
      <Filter>07. Component\Model\Mesh</Filter>
    </ClInclude>
    <ClInclude Include="..\Public\Material.h">
      <Filter>07. Component\Model\Material</Filter>
    </ClInclude>
    <ClInclude Include="..\Public\Channel.h">
      <Filter>07. Component\Model\Animation\Channel</Filter>
    </ClInclude>
    <ClInclude Include="..\Public\Animation.h">
      <Filter>07. Component\Model\Animation</Filter>
    </ClInclude>
    <ClInclude Include="..\Public\Model.h">
      <Filter>07. Component\Model</Filter>
    </ClInclude>
    <ClInclude Include="..\Public\ContainerObject.h">
      <Filter>05. GameObject\ContainerObject</Filter>
    </ClInclude>
    <ClInclude Include="..\Public\PartObject.h">
      <Filter>05. GameObject\ContainerObject\PartObject</Filter>
    </ClInclude>
    <ClInclude Include="..\Public\AnimController.h">
      <Filter>07. Component\AnimController</Filter>
    </ClInclude>
    <ClInclude Include="..\Public\StateMachine.h">
      <Filter>10. StateMachine</Filter>
    </ClInclude>
    <ClInclude Include="..\Public\NotifyListener.h">
      <Filter>11. Notify</Filter>
    </ClInclude>
    <ClInclude Include="..\Public\SpringArm.h">
      <Filter>07. Component\SpringArm</Filter>
    </ClInclude>
  </ItemGroup>
</Project>