<?xml version="1.0" encoding="utf-8"?>
<Project ToolsVersion="4.0" xmlns="http://schemas.microsoft.com/developer/msbuild/2003">
  <ItemGroup>
    <Filter Include="00. MainApp">
      <UniqueIdentifier>{28716cea-6d4d-4f52-9959-95da8eca3b48}</UniqueIdentifier>
    </Filter>
    <Filter Include="01. Levels">
      <UniqueIdentifier>{be8bf93d-2493-4444-a174-6bcf69a1177b}</UniqueIdentifier>
    </Filter>
    <Filter Include="02. GameObject">
      <UniqueIdentifier>{23769e03-edca-4c2f-958a-35fbd605834e}</UniqueIdentifier>
    </Filter>
    <Filter Include="98. ShaderFiles">
      <UniqueIdentifier>{cf145b5d-2c14-474d-8fbc-89df86340225}</UniqueIdentifier>
    </Filter>
    <Filter Include="02. GameObject\BackGround">
      <UniqueIdentifier>{c58998fb-588f-44cc-a9b7-a33021ab5d13}</UniqueIdentifier>
    </Filter>
    <Filter Include="01. Levels\GamePlay">
      <UniqueIdentifier>{b3af11e4-fc8b-4b6c-b73a-6c7cb7165fc5}</UniqueIdentifier>
    </Filter>
    <Filter Include="01. Levels\Loading">
      <UniqueIdentifier>{2b82a897-5d56-4ea5-9e04-c23328caa9ca}</UniqueIdentifier>
    </Filter>
    <Filter Include="01. Levels\Logo">
      <UniqueIdentifier>{e5fb5fcd-ef8d-4a18-b837-e5942d8e817b}</UniqueIdentifier>
    </Filter>
    <Filter Include="01. Levels\Loading\Loader">
      <UniqueIdentifier>{a07f48c9-618e-4d20-934b-2c6a467baa4b}</UniqueIdentifier>
    </Filter>
    <Filter Include="02. GameObject\Camera">
      <UniqueIdentifier>{acecfd5f-687b-422a-a312-9c8bb9a79033}</UniqueIdentifier>
    </Filter>
    <Filter Include="02. GameObject\Camera\Free">
      <UniqueIdentifier>{9038ecc3-0010-4cac-93b3-36d64281bf1f}</UniqueIdentifier>
    </Filter>
    <Filter Include="02. GameObject\Terrain">
      <UniqueIdentifier>{36cbd348-0391-42a2-af75-9b55c7053186}</UniqueIdentifier>
    </Filter>
    <Filter Include="02. GameObject\ModelObject">
      <UniqueIdentifier>{4adf19d0-86b2-445c-b4b0-6a6f71925e31}</UniqueIdentifier>
    </Filter>
    <Filter Include="02. GameObject\Map">
      <UniqueIdentifier>{d5fe7ad3-148a-4ffd-b896-7a25a1904118}</UniqueIdentifier>
    </Filter>
    <Filter Include="02. GameObject\Map\StaticObject">
      <UniqueIdentifier>{e9da4405-d4b0-4d6d-817d-625659abceb3}</UniqueIdentifier>
    </Filter>
    <Filter Include="02. GameObject\Map\DynamicObject">
      <UniqueIdentifier>{6e91709e-1702-4689-8237-4c410b858fa2}</UniqueIdentifier>
    </Filter>
    <Filter Include="98. ShaderFiles\Defines">
      <UniqueIdentifier>{94a86dbc-c666-405a-85a8-b48fc43e7276}</UniqueIdentifier>
    </Filter>
    <Filter Include="97. Tables">
      <UniqueIdentifier>{89290fd3-2889-4cff-9e3b-26d78f8021fa}</UniqueIdentifier>
    </Filter>
    <Filter Include="97. Tables\Character">
      <UniqueIdentifier>{26347b44-c6c3-4853-a598-b97d551127bd}</UniqueIdentifier>
    </Filter>
    <Filter Include="97. Tables\Monster">
      <UniqueIdentifier>{5745b8f9-3e35-4c74-9db6-37b30b4d096a}</UniqueIdentifier>
    </Filter>
    <Filter Include="96. StateMachine">
      <UniqueIdentifier>{0f7a8134-2658-4a29-9b3c-8c6e993f6123}</UniqueIdentifier>
    </Filter>
    <Filter Include="96. StateMachine\Player">
      <UniqueIdentifier>{0a8fcbc1-b3a1-4c09-ad77-b1d56efc745b}</UniqueIdentifier>
    </Filter>
    <Filter Include="96. StateMachine\Monster">
      <UniqueIdentifier>{fb9f39fa-13da-4750-acb4-b4b4037448d3}</UniqueIdentifier>
    </Filter>
    <Filter Include="02. GameObject\Camera\Follow">
      <UniqueIdentifier>{94990f58-f408-4dd5-8f01-7c81695008d2}</UniqueIdentifier>
    </Filter>
    <Filter Include="02. GameObject\Navigation">
      <UniqueIdentifier>{6de5206d-59c7-48c2-a508-35446c521797}</UniqueIdentifier>
    </Filter>
    <Filter Include="02. GameObject\Navigation\NavMeshObject">
      <UniqueIdentifier>{da03b798-fdee-4e13-9f15-ab1afd3d3c24}</UniqueIdentifier>
    </Filter>
    <Filter Include="01. Levels\Data">
      <UniqueIdentifier>{3419172c-b145-4b2d-8d3e-fd2776e0850a}</UniqueIdentifier>
    </Filter>
    <Filter Include="01. Levels\Data\NavData">
      <UniqueIdentifier>{cd96e730-6253-438d-a400-7cb4870f83fc}</UniqueIdentifier>
    </Filter>
    <Filter Include="01. Levels\Data\SceneData">
      <UniqueIdentifier>{4e507786-3894-4a32-9443-3a644810590e}</UniqueIdentifier>
    </Filter>
    <Filter Include="03. UI">
      <UniqueIdentifier>{c0eea72f-a0c9-4bf7-93cd-9d3d78ac9745}</UniqueIdentifier>
    </Filter>
    <Filter Include="03. UI\Image">
      <UniqueIdentifier>{7f0875ab-2a66-432a-902e-4b58bfd8b01f}</UniqueIdentifier>
    </Filter>
    <Filter Include="99. Defines">
      <UniqueIdentifier>{72b78b70-3a54-4f6c-a26d-ab3628ed36e9}</UniqueIdentifier>
    </Filter>
    <Filter Include="03. UI\SceneData">
      <UniqueIdentifier>{517c2edc-f348-4c8b-b346-0f267e234937}</UniqueIdentifier>
    </Filter>
    <Filter Include="03. UI\Video">
      <UniqueIdentifier>{4c10351c-18c1-40ef-968c-b2ee1fd15419}</UniqueIdentifier>
    </Filter>
    <Filter Include="03. UI\Text">
      <UniqueIdentifier>{fb5c3cdb-c458-4a18-a2df-48f699290ace}</UniqueIdentifier>
    </Filter>
    <Filter Include="03. UI\SpriteAnim">
      <UniqueIdentifier>{43c567b2-fcea-41fe-8bf7-1cf612ca4d52}</UniqueIdentifier>
    </Filter>
    <Filter Include="03. UI\SceneData\Serializer">
      <UniqueIdentifier>{0044f168-0fcb-4a14-bb28-d43f4eeb4fd8}</UniqueIdentifier>
    </Filter>
    <Filter Include="03. UI\SceneData\Loader">
      <UniqueIdentifier>{1411f57b-2255-48b4-84d2-1a8ad2a3c0ed}</UniqueIdentifier>
    </Filter>
    <Filter Include="03. UI\FadeOverlay">
      <UniqueIdentifier>{535b0801-e7fe-4fba-b227-a9a62735c3d8}</UniqueIdentifier>
    </Filter>
    <Filter Include="03. UI\Cursor">
      <UniqueIdentifier>{55f59345-0ddd-4a53-8730-63a6ae98004c}</UniqueIdentifier>
    </Filter>
    <Filter Include="02. GameObject\Weapon">
      <UniqueIdentifier>{7a6c5aff-6948-4d62-ba0c-e00ad3dfd76b}</UniqueIdentifier>
    </Filter>
    <Filter Include="02. GameObject\Monster">
      <UniqueIdentifier>{e247078d-4031-461c-b65f-a127e5f2ecec}</UniqueIdentifier>
    </Filter>
    <Filter Include="02. GameObject\Monster\Normal">
      <UniqueIdentifier>{dc4ecd0c-116b-4277-86f2-45e16a6c9e29}</UniqueIdentifier>
    </Filter>
    <Filter Include="02. GameObject\Monster\Elite">
      <UniqueIdentifier>{c6646e75-22d6-4353-9ead-2c06d1440649}</UniqueIdentifier>
    </Filter>
    <Filter Include="02. GameObject\Monster\Boss">
      <UniqueIdentifier>{a582a9fe-9009-48a6-97ef-8adc551c5c66}</UniqueIdentifier>
    </Filter>
    <Filter Include="02. GameObject\Monster\Body">
      <UniqueIdentifier>{f5e35640-413d-4b37-b07d-13f8d4c8d0c6}</UniqueIdentifier>
    </Filter>
    <Filter Include="02. GameObject\Player">
      <UniqueIdentifier>{10c1e72b-cd83-4f2a-b69a-ac16d7f61b3f}</UniqueIdentifier>
    </Filter>
    <Filter Include="02. GameObject\Player\Body">
      <UniqueIdentifier>{a3f011eb-9e89-49c0-9c4a-93299fb44aac}</UniqueIdentifier>
    </Filter>
    <Filter Include="02. GameObject\Player\IntentResolver">
      <UniqueIdentifier>{51b15c93-2312-43ee-bbd4-c3fb970a1e40}</UniqueIdentifier>
    </Filter>
    <Filter Include="03. UI\HUD">
      <UniqueIdentifier>{77270fde-3d05-4876-89cf-e4586f7ea1c8}</UniqueIdentifier>
    </Filter>
    <Filter Include="03. UI\HUD\GamePlay">
      <UniqueIdentifier>{fb76d956-770e-4b5e-81e4-71ed8404cd03}</UniqueIdentifier>
    </Filter>
  </ItemGroup>
  <ItemGroup>
    <ClInclude Include="..\Public\MainApp.h">
      <Filter>00. MainApp</Filter>
    </ClInclude>
    <ClInclude Include="..\Public\Loader.h">
      <Filter>01. Levels\Loading\Loader</Filter>
    </ClInclude>
    <ClInclude Include="..\Public\Level_Loading.h">
      <Filter>01. Levels\Loading</Filter>
    </ClInclude>
    <ClInclude Include="..\Public\Level_GamePlay.h">
      <Filter>01. Levels\GamePlay</Filter>
    </ClInclude>
    <ClInclude Include="..\Public\Client_Defines.h">
      <Filter>99. Defines</Filter>
    </ClInclude>
    <ClInclude Include="..\Public\BackGround.h">
      <Filter>02. GameObject\BackGround</Filter>
    </ClInclude>
    <ClInclude Include="..\Public\Level_Logo.h">
      <Filter>01. Levels\Logo</Filter>
    </ClInclude>
    <ClInclude Include="..\Public\Camera_Free.h">
      <Filter>02. GameObject\Camera\Free</Filter>
    </ClInclude>
    <ClInclude Include="..\Public\Terrain.h">
      <Filter>02. GameObject\Terrain</Filter>
    </ClInclude>
    <ClInclude Include="..\Public\ModelObject.h">
      <Filter>02. GameObject\ModelObject</Filter>
    </ClInclude>
    <ClInclude Include="..\Public\Player.h">
      <Filter>02. GameObject\Player</Filter>
    </ClInclude>
    <ClInclude Include="..\Public\Body_Player.h">
      <Filter>02. GameObject\Player\Body</Filter>
    </ClInclude>
    <ClInclude Include="..\Public\Weapon.h">
      <Filter>02. GameObject\Weapon</Filter>
    </ClInclude>
    <ClInclude Include="..\Public\MapObject.h">
      <Filter>02. GameObject\Map</Filter>
    </ClInclude>
    <ClInclude Include="..\Public\MapStaticObject.h">
      <Filter>02. GameObject\Map\StaticObject</Filter>
    </ClInclude>
    <ClInclude Include="..\Public\Client_Enum.h">
      <Filter>99. Defines</Filter>
    </ClInclude>
    <ClInclude Include="..\Public\Client_Struct.h">
      <Filter>99. Defines</Filter>
    </ClInclude>
    <ClInclude Include="..\Public\CharacterAnimTable.h">
      <Filter>97. Tables\Character</Filter>
    </ClInclude>
    <ClInclude Include="..\Public\MonsterAnimTable.h">
      <Filter>97. Tables\Monster</Filter>
    </ClInclude>
    <ClInclude Include="..\Public\Client_Func.h">
      <Filter>99. Defines</Filter>
    </ClInclude>
    <ClInclude Include="..\Public\IntentResolver.h">
      <Filter>02. GameObject\Player\IntentResolver</Filter>
    </ClInclude>
    <ClInclude Include="..\Public\Player_StateMachine.h">
      <Filter>96. StateMachine\Player</Filter>
    </ClInclude>
    <ClInclude Include="..\Public\Camera_Follow.h">
      <Filter>02. GameObject\Camera\Follow</Filter>
    </ClInclude>
    <ClInclude Include="..\Public\NavMeshObject.h">
      <Filter>02. GameObject\Navigation\NavMeshObject</Filter>
    </ClInclude>
    <ClInclude Include="..\Public\SceneSerializer.h">
      <Filter>01. Levels\Data\SceneData</Filter>
    </ClInclude>
    <ClInclude Include="..\Public\Monster.h">
      <Filter>02. GameObject\Monster</Filter>
    </ClInclude>
    <ClInclude Include="..\Public\Body_Monster.h">
      <Filter>02. GameObject\Monster\Body</Filter>
    </ClInclude>
    <ClInclude Include="..\Public\Normal_Monster.h">
      <Filter>02. GameObject\Monster\Normal</Filter>
    </ClInclude>
    <ClInclude Include="..\Public\Boss_Monster.h">
      <Filter>02. GameObject\Monster\Boss</Filter>
    </ClInclude>
    <ClInclude Include="..\Public\Elite_Monster.h">
      <Filter>02. GameObject\Monster\Elite</Filter>
    </ClInclude>
    <ClInclude Include="..\Public\UI_Image.h">
      <Filter>03. UI\Image</Filter>
    </ClInclude>
    <ClInclude Include="..\Public\UI_Video.h">
      <Filter>03. UI\Video</Filter>
    </ClInclude>
    <ClInclude Include="..\Public\UI_Text.h">
      <Filter>03. UI\Text</Filter>
    </ClInclude>
    <ClInclude Include="..\Public\UI_SpriteAnim.h">
      <Filter>03. UI\SpriteAnim</Filter>
    </ClInclude>
    <ClInclude Include="..\Public\UISceneSerializer.h">
      <Filter>03. UI\SceneData\Serializer</Filter>
    </ClInclude>
    <ClInclude Include="..\Public\UISceneLoader.h">
      <Filter>03. UI\SceneData\Loader</Filter>
    </ClInclude>
    <ClInclude Include="..\Public\FadeOverlay_Helper.h">
      <Filter>03. UI\FadeOverlay</Filter>
    </ClInclude>
    <ClInclude Include="..\Public\UI_Cursor.h">
      <Filter>03. UI\Cursor</Filter>
    </ClInclude>
    <ClInclude Include="..\Public\Monster_StateMachine.h">
      <Filter>96. StateMachine\Monster</Filter>
    </ClInclude>
    <ClInclude Include="..\Public\HUD_GamePlay.h">
      <Filter>03. UI\HUD\GamePlay</Filter>
    </ClInclude>
  </ItemGroup>
  <ItemGroup>
    <ClCompile Include="..\Private\BackGround.cpp">
      <Filter>02. GameObject\BackGround</Filter>
    </ClCompile>
    <ClCompile Include="..\Private\Level_GamePlay.cpp">
      <Filter>01. Levels\GamePlay</Filter>
    </ClCompile>
    <ClCompile Include="..\Private\Level_Loading.cpp">
      <Filter>01. Levels\Loading</Filter>
    </ClCompile>
    <ClCompile Include="..\Private\Level_Logo.cpp">
      <Filter>01. Levels\Logo</Filter>
    </ClCompile>
    <ClCompile Include="..\Private\Loader.cpp">
      <Filter>01. Levels\Loading\Loader</Filter>
    </ClCompile>
    <ClCompile Include="..\Private\MainApp.cpp">
      <Filter>00. MainApp</Filter>
    </ClCompile>
    <ClCompile Include="..\Private\Camera_Free.cpp">
      <Filter>02. GameObject\Camera\Free</Filter>
    </ClCompile>
    <ClCompile Include="..\Private\Terrain.cpp">
      <Filter>02. GameObject\Terrain</Filter>
    </ClCompile>
    <ClCompile Include="..\Private\ModelObject.cpp">
      <Filter>02. GameObject\ModelObject</Filter>
    </ClCompile>
    <ClCompile Include="..\Private\Player.cpp">
      <Filter>02. GameObject\Player</Filter>
    </ClCompile>
    <ClCompile Include="..\Private\Body_Player.cpp">
      <Filter>02. GameObject\Player\Body</Filter>
    </ClCompile>
    <ClCompile Include="..\Private\Weapon.cpp">
      <Filter>02. GameObject\Weapon</Filter>
    </ClCompile>
    <ClCompile Include="..\Private\MapObject.cpp">
      <Filter>02. GameObject\Map</Filter>
    </ClCompile>
    <ClCompile Include="..\Private\MapStaticObject.cpp">
      <Filter>02. GameObject\Map\StaticObject</Filter>
    </ClCompile>
    <ClCompile Include="..\Private\CharacterAnimTable.cpp">
      <Filter>97. Tables\Character</Filter>
    </ClCompile>
    <ClCompile Include="..\Private\MonsterAnimTable.cpp">
      <Filter>97. Tables\Monster</Filter>
    </ClCompile>
    <ClCompile Include="..\Private\IntentResolver.cpp">
      <Filter>02. GameObject\Player\IntentResolver</Filter>
    </ClCompile>
    <ClCompile Include="..\Private\Player_StateMachine.cpp">
      <Filter>96. StateMachine\Player</Filter>
    </ClCompile>
    <ClCompile Include="..\Private\Camera_Follow.cpp">
      <Filter>02. GameObject\Camera\Follow</Filter>
    </ClCompile>
    <ClCompile Include="..\Private\NavMeshObject.cpp">
      <Filter>02. GameObject\Navigation\NavMeshObject</Filter>
    </ClCompile>
    <ClCompile Include="..\Private\SceneSerializer.cpp">
      <Filter>01. Levels\Data\SceneData</Filter>
    </ClCompile>
    <ClCompile Include="..\Private\Monster.cpp">
      <Filter>02. GameObject\Monster</Filter>
    </ClCompile>
    <ClCompile Include="..\Private\Body_Monster.cpp">
      <Filter>02. GameObject\Monster\Body</Filter>
    </ClCompile>
    <ClCompile Include="..\Private\Normal_Monster.cpp">
      <Filter>02. GameObject\Monster\Normal</Filter>
    </ClCompile>
    <ClCompile Include="..\Private\Boss_Monster.cpp">
      <Filter>02. GameObject\Monster\Boss</Filter>
    </ClCompile>
    <ClCompile Include="..\Private\Elite_Monster.cpp">
      <Filter>02. GameObject\Monster\Elite</Filter>
    </ClCompile>
    <ClCompile Include="..\Private\UI_Image.cpp">
      <Filter>03. UI\Image</Filter>
    </ClCompile>
    <ClCompile Include="..\Private\UI_Video.cpp">
      <Filter>03. UI\Video</Filter>
    </ClCompile>
    <ClCompile Include="..\Private\UI_Text.cpp">
      <Filter>03. UI\Text</Filter>
    </ClCompile>
    <ClCompile Include="..\Private\UI_SpriteAnim.cpp">
      <Filter>03. UI\SpriteAnim</Filter>
    </ClCompile>
    <ClCompile Include="..\Private\UISceneSerializer.cpp">
      <Filter>03. UI\SceneData\Serializer</Filter>
    </ClCompile>
    <ClCompile Include="..\Private\UISceneLoader.cpp">
      <Filter>03. UI\SceneData\Loader</Filter>
    </ClCompile>
    <ClCompile Include="..\Private\FadeOverlay_Helper.cpp">
      <Filter>03. UI\FadeOverlay</Filter>
    </ClCompile>
    <ClCompile Include="..\Private\UI_Cursor.cpp">
      <Filter>03. UI\Cursor</Filter>
    </ClCompile>
    <ClCompile Include="..\Private\Monster_StateMachine.cpp">
      <Filter>96. StateMachine\Monster</Filter>
    </ClCompile>
    <ClCompile Include="..\Private\HUD_GamePlay.cpp">
      <Filter>03. UI\HUD\GamePlay</Filter>
    </ClCompile>
  </ItemGroup>
  <ItemGroup>
    <FxCompile Include="..\..\Resources\ShaderFiles\Shader_VtxTex.hlsl">
      <Filter>98. ShaderFiles</Filter>
    </FxCompile>
    <FxCompile Include="..\..\Resources\ShaderFiles\Shader_VtxMesh.hlsl">
      <Filter>98. ShaderFiles</Filter>
    </FxCompile>
    <FxCompile Include="..\..\Resources\ShaderFiles\Shader_VtxNorTex.hlsl">
      <Filter>98. ShaderFiles</Filter>
    </FxCompile>
    <FxCompile Include="..\..\Resources\ShaderFiles\Shader_VtxAnimMesh.hlsl">
      <Filter>98. ShaderFiles</Filter>
    </FxCompile>
    <FxCompile Include="..\..\Resources\ShaderFiles\Shader_VtxPosColor.hlsl">
      <Filter>98. ShaderFiles</Filter>
    </FxCompile>
  </ItemGroup>
  <ItemGroup>
    <None Include="..\..\Resources\ShaderFiles\Shader_Defines.hlsli">
      <Filter>98. ShaderFiles\Defines</Filter>
    </None>
    <None Include="..\..\Resources\NavMesh\ThroneRoom.navdata">
      <Filter>01. Levels\Data\NavData</Filter>
    </None>
  </ItemGroup>
</Project>