<?xml version="1.0" encoding="utf-8"?>
<Project ToolsVersion="4.0" xmlns="http://schemas.microsoft.com/developer/msbuild/2003">
  <ItemGroup>
    <Filter Include="00. EditorApp">
      <UniqueIdentifier>{2bf0e80a-517f-47a1-8667-b2c93c8b8226}</UniqueIdentifier>
    </Filter>
    <Filter Include="97. ImGui">
      <UniqueIdentifier>{b2f5b70d-0c73-4bb4-abe0-69533e8a2854}</UniqueIdentifier>
    </Filter>
    <Filter Include="98. Default">
      <UniqueIdentifier>{ee506d58-7cd1-47da-b7df-2c46fce07225}</UniqueIdentifier>
    </Filter>
    <Filter Include="99. Defines">
      <UniqueIdentifier>{aa872728-e1cc-4717-81b6-199e15af7929}</UniqueIdentifier>
    </Filter>
    <Filter Include="97. ImGui\ImGui">
      <UniqueIdentifier>{7cf78308-f22e-441c-bc13-5486205ef564}</UniqueIdentifier>
    </Filter>
    <Filter Include="97. ImGui\ImGuizmo">
      <UniqueIdentifier>{f55f73a5-466d-4320-851d-324a9221bfd7}</UniqueIdentifier>
    </Filter>
    <Filter Include="97. ImGui\ImGui\Backends">
      <UniqueIdentifier>{481e5876-d49b-4a31-b734-7ec7a2d917d5}</UniqueIdentifier>
    </Filter>
    <Filter Include="01. Panel">
      <UniqueIdentifier>{9bb6726c-b9af-4fdd-9f28-d863e503c9fb}</UniqueIdentifier>
    </Filter>
    <Filter Include="01. Panel\Manager">
      <UniqueIdentifier>{e1885de8-794e-4e04-98d3-1ae39953c0ec}</UniqueIdentifier>
    </Filter>
    <Filter Include="01. Panel\Content Browser">
      <UniqueIdentifier>{07795c09-3b66-4a3f-aafe-a058833ffb94}</UniqueIdentifier>
    </Filter>
    <Filter Include="01. Panel\Viewport">
      <UniqueIdentifier>{61640dd1-2763-46c8-8bf1-e43f38e31197}</UniqueIdentifier>
    </Filter>
    <Filter Include="01. Panel\Hierarchy">
      <UniqueIdentifier>{6cf0bc55-a996-4071-9445-86c8905ff4d4}</UniqueIdentifier>
    </Filter>
    <Filter Include="01. Panel\Inspector">
      <UniqueIdentifier>{e4000b3a-281c-46ca-a0fe-69553395084e}</UniqueIdentifier>
    </Filter>
    <Filter Include="01. Panel\Log">
      <UniqueIdentifier>{35344b91-b6cc-4478-88e5-d2cb756f62e9}</UniqueIdentifier>
    </Filter>
    <Filter Include="96. RTTR">
      <UniqueIdentifier>{87f01642-a8a6-4f15-89ca-93fcacb9f2a9}</UniqueIdentifier>
    </Filter>
    <Filter Include="02. Levels">
      <UniqueIdentifier>{4c2cc02e-e886-4dcf-8b76-70550cbacf67}</UniqueIdentifier>
    </Filter>
    <Filter Include="95. Tools">
      <UniqueIdentifier>{21666fda-f918-4735-bb95-f28615b99128}</UniqueIdentifier>
    </Filter>
    <Filter Include="95. Tools\Model_Converter">
      <UniqueIdentifier>{15ead82d-f167-418a-bbdf-d409f83dce28}</UniqueIdentifier>
    </Filter>
    <Filter Include="01. Panel\Shortcuts">
      <UniqueIdentifier>{8d4e0c35-5889-4e1a-8b94-1ed8898ccd6a}</UniqueIdentifier>
    </Filter>
  </ItemGroup>
  <ItemGroup>
    <ClCompile Include="Editor.cpp">
      <Filter>98. Default</Filter>
    </ClCompile>
    <ClCompile Include="..\Private\EditorApp.cpp">
      <Filter>00. EditorApp</Filter>
    </ClCompile>
    <ClCompile Include="..\ImGui\backends\imgui_impl_dx11.cpp">
      <Filter>97. ImGui\ImGui\Backends</Filter>
    </ClCompile>
    <ClCompile Include="..\ImGui\backends\imgui_impl_win32.cpp">
      <Filter>97. ImGui\ImGui\Backends</Filter>
    </ClCompile>
    <ClCompile Include="..\ImGui\imgui.cpp">
      <Filter>97. ImGui\ImGui</Filter>
    </ClCompile>
    <ClCompile Include="..\ImGui\imgui_demo.cpp">
      <Filter>97. ImGui\ImGui</Filter>
    </ClCompile>
    <ClCompile Include="..\ImGui\imgui_draw.cpp">
      <Filter>97. ImGui\ImGui</Filter>
    </ClCompile>
    <ClCompile Include="..\ImGui\imgui_tables.cpp">
      <Filter>97. ImGui\ImGui</Filter>
    </ClCompile>
    <ClCompile Include="..\ImGui\imgui_widgets.cpp">
      <Filter>97. ImGui\ImGui</Filter>
    </ClCompile>
    <ClCompile Include="..\ImGuizmo\ImGuizmo.cpp">
      <Filter>97. ImGui\ImGuizmo</Filter>
    </ClCompile>
    <ClCompile Include="..\Private\Panel.cpp">
      <Filter>01. Panel</Filter>
    </ClCompile>
    <ClCompile Include="..\Private\Panel_Manager.cpp">
      <Filter>01. Panel\Manager</Filter>
    </ClCompile>
    <ClCompile Include="..\Private\Panel_Viewport.cpp">
      <Filter>01. Panel\Viewport</Filter>
    </ClCompile>
    <ClCompile Include="..\Private\Panel_Log.cpp">
      <Filter>01. Panel\Log</Filter>
    </ClCompile>
    <ClCompile Include="..\Private\Panel_ContentBrowser.cpp">
      <Filter>01. Panel\Content Browser</Filter>
    </ClCompile>
    <ClCompile Include="..\Private\Panel_Inspector.cpp">
      <Filter>01. Panel\Inspector</Filter>
    </ClCompile>
    <ClCompile Include="..\Private\Panel_Hierarchy.cpp">
      <Filter>01. Panel\Hierarchy</Filter>
    </ClCompile>
    <ClCompile Include="..\Private\RTTR_Registration.cpp">
      <Filter>96. RTTR</Filter>
    </ClCompile>
    <ClCompile Include="..\Private\Level_Editor.cpp">
      <Filter>02. Levels</Filter>
    </ClCompile>
    <ClCompile Include="..\Private\Model_Converter.cpp">
      <Filter>95. Tools\Model_Converter</Filter>
    </ClCompile>
    <ClCompile Include="..\Private\Panel_Shortcuts.cpp">
      <Filter>01. Panel\Shortcuts</Filter>
    </ClCompile>
  </ItemGroup>
  <ItemGroup>
    <ClInclude Include="Editor.h">
      <Filter>98. Default</Filter>
    </ClInclude>
    <ClInclude Include="framework.h">
      <Filter>98. Default</Filter>
    </ClInclude>
    <ClInclude Include="Resource.h">
      <Filter>98. Default</Filter>
    </ClInclude>
    <ClInclude Include="targetver.h">
      <Filter>98. Default</Filter>
    </ClInclude>
    <ClInclude Include="..\Public\Editor_Defines.h">
      <Filter>99. Defines</Filter>
    </ClInclude>
    <ClInclude Include="..\Public\EditorApp.h">
      <Filter>00. EditorApp</Filter>
    </ClInclude>
    <ClInclude Include="..\ImGui\backends\imgui_impl_dx11.h">
      <Filter>97. ImGui\ImGui\Backends</Filter>
    </ClInclude>
    <ClInclude Include="..\ImGui\backends\imgui_impl_win32.h">
      <Filter>97. ImGui\ImGui\Backends</Filter>
    </ClInclude>
    <ClInclude Include="..\ImGui\imconfig.h">
      <Filter>97. ImGui\ImGui</Filter>
    </ClInclude>
    <ClInclude Include="..\ImGui\imgui.h">
      <Filter>97. ImGui\ImGui</Filter>
    </ClInclude>
    <ClInclude Include="..\ImGui\imgui_internal.h">
      <Filter>97. ImGui\ImGui</Filter>
    </ClInclude>
    <ClInclude Include="..\ImGui\imstb_rectpack.h">
      <Filter>97. ImGui\ImGui</Filter>
    </ClInclude>
    <ClInclude Include="..\ImGui\imstb_textedit.h">
      <Filter>97. ImGui\ImGui</Filter>
    </ClInclude>
    <ClInclude Include="..\ImGui\imstb_truetype.h">
      <Filter>97. ImGui\ImGui</Filter>
    </ClInclude>
    <ClInclude Include="..\ImGuizmo\ImGuizmo.h">
      <Filter>97. ImGui\ImGuizmo</Filter>
    </ClInclude>
    <ClInclude Include="..\Public\Panel.h">
      <Filter>01. Panel</Filter>
    </ClInclude>
    <ClInclude Include="..\Public\Panel_Manager.h">
      <Filter>01. Panel\Manager</Filter>
    </ClInclude>
    <ClInclude Include="..\Public\Panel_Viewport.h">
      <Filter>01. Panel\Viewport</Filter>
    </ClInclude>
    <ClInclude Include="..\Public\Panel_ContentBrowser.h">
      <Filter>01. Panel\Content Browser</Filter>
    </ClInclude>
    <ClInclude Include="..\Public\Panel_Log.h">
      <Filter>01. Panel\Log</Filter>
    </ClInclude>
    <ClInclude Include="..\Public\Panel_Inspector.h">
      <Filter>01. Panel\Inspector</Filter>
    </ClInclude>
    <ClInclude Include="..\Public\Panel_Hierarchy.h">
      <Filter>01. Panel\Hierarchy</Filter>
    </ClInclude>
    <ClInclude Include="..\Public\Editor_Enum.h">
      <Filter>99. Defines</Filter>
    </ClInclude>
    <ClInclude Include="..\Public\Editor_Function.h">
      <Filter>99. Defines</Filter>
    </ClInclude>
    <ClInclude Include="..\Public\Editor_Struct.h">
      <Filter>99. Defines</Filter>
    </ClInclude>
    <ClInclude Include="..\Public\Level_Editor.h">
      <Filter>02. Levels</Filter>
    </ClInclude>
    <ClInclude Include="..\Public\Model_Converter.h">
      <Filter>95. Tools\Model_Converter</Filter>
    </ClInclude>
    <ClInclude Include="..\Public\Panel_Shortcuts.h">
      <Filter>01. Panel\Shortcuts</Filter>
    </ClInclude>
  </ItemGroup>
  <ItemGroup>
    <Image Include="Editor.ico">
      <Filter>98. Default</Filter>
    </Image>
    <Image Include="small.ico">
      <Filter>98. Default</Filter>
    </Image>
  </ItemGroup>
  <ItemGroup>
    <ResourceCompile Include="Editor.rc">
      <Filter>98. Default</Filter>
    </ResourceCompile>
  </ItemGroup>
</Project>